
Microsoft Visual Studio Solution File, Format Version 12.00
# Visual Studio Version 17
VisualStudioVersion = 17.13.35913.81 d17.13
MinimumVisualStudioVersion = 10.0.40219.1
Project("{888888A0-9F3D-457C-B088-3A5042F75D52}") = "LAB_07", "LAB_07.pyproj", "{C43D051F-6C8D-4C0F-8913-F4682B191508}"
EndProject
Global
	GlobalSection(SolutionConfigurationPlatforms) = preSolution
		Debug|Any CPU = Debug|Any CPU
		Release|Any CPU = Release|Any CPU
	EndGlobalSection
	GlobalSection(ProjectConfigurationPlatforms) = postSolution
		{C43D051F-6C8D-4C0F-8913-F4682B191508}.Debug|Any CPU.ActiveCfg = Debug|Any CPU
		{C43D051F-6C8D-4C0F-8913-F4682B191508}.Release|Any CPU.ActiveCfg = Release|Any CPU
	EndGlobalSection
	GlobalSection(SolutionProperties) = preSolution
		HideSolutionNode = FALSE
	EndGlobalSection
	GlobalSection(ExtensibilityGlobals) = postSolution
		SolutionGuid = {D8C18336-AAE7-42E6-84C9-851DBDF4854D}
	EndGlobalSection
EndGlobal
